
Microsoft Visual Studio Solution File, Format Version 12.00
# Visual Studio Version 16
VisualStudioVersion = 16.0.29926.136
MinimumVisualStudioVersion = 10.0.40219.1
Project("{FAE04EC0-301F-11D3-BF4B-00C04F79EFBC}") = "EmployeeHealthRecord.WFApp.v2", "EmployeeHealthRecord.WFApp.v2.csproj", "{5F6627E3-EED9-40FC-990E-FAF032F84C01}"
EndProject
Project("{9A19103F-16F7-4668-BE54-9A1E7A4F7556}") = "Employee_Health_Record", "..\Employee_Health_Record\Employee_Health_Record.csproj", "{E9E51ACC-9D46-4F87-9C78-BD96B3426797}"
EndProject
Global
	GlobalSection(SolutionConfigurationPlatforms) = preSolution
		Debug|Any CPU = Debug|Any CPU
		Release|Any CPU = Release|Any CPU
	EndGlobalSection
	GlobalSection(ProjectConfigurationPlatforms) = postSolution
		{5F6627E3-EED9-40FC-990E-FAF032F84C01}.Debug|Any CPU.ActiveCfg = Debug|Any CPU
		{5F6627E3-EED9-40FC-990E-FAF032F84C01}.Debug|Any CPU.Build.0 = Debug|Any CPU
		{5F6627E3-EED9-40FC-990E-FAF032F84C01}.Release|Any CPU.ActiveCfg = Release|Any CPU
		{5F6627E3-EED9-40FC-990E-FAF032F84C01}.Release|Any CPU.Build.0 = Release|Any CPU
		{E9E51ACC-9D46-4F87-9C78-BD96B3426797}.Debug|Any CPU.ActiveCfg = Debug|Any CPU
		{E9E51ACC-9D46-4F87-9C78-BD96B3426797}.Debug|Any CPU.Build.0 = Debug|Any CPU
		{E9E51ACC-9D46-4F87-9C78-BD96B3426797}.Release|Any CPU.ActiveCfg = Release|Any CPU
		{E9E51ACC-9D46-4F87-9C78-BD96B3426797}.Release|Any CPU.Build.0 = Release|Any CPU
	EndGlobalSection
	GlobalSection(SolutionProperties) = preSolution
		HideSolutionNode = FALSE
	EndGlobalSection
	GlobalSection(ExtensibilityGlobals) = postSolution
		SolutionGuid = {02B76793-4FC6-440B-8581-B3025EE7B7F0}
	EndGlobalSection
EndGlobal
