
Microsoft Visual Studio Solution File, Format Version 12.00
# Visual Studio Version 16
VisualStudioVersion = 16.0.29926.136
MinimumVisualStudioVersion = 10.0.40219.1
Project("{FAE04EC0-301F-11D3-BF4B-00C04F79EFBC}") = "EmployeeHealthRecord.WFApp", "EmployeeHealthRecord.WFApp.csproj", "{33867BDF-0CBE-49F9-A463-5490D9DD8BBE}"
EndProject
Project("{9A19103F-16F7-4668-BE54-9A1E7A4F7556}") = "Employee_Health_Record", "..\Employee_Health_Record\Employee_Health_Record.csproj", "{B9530B75-978B-44F4-8252-277874181F0E}"
EndProject
Global
	GlobalSection(SolutionConfigurationPlatforms) = preSolution
		Debug|Any CPU = Debug|Any CPU
		Release|Any CPU = Release|Any CPU
	EndGlobalSection
	GlobalSection(ProjectConfigurationPlatforms) = postSolution
		{33867BDF-0CBE-49F9-A463-5490D9DD8BBE}.Debug|Any CPU.ActiveCfg = Debug|Any CPU
		{33867BDF-0CBE-49F9-A463-5490D9DD8BBE}.Debug|Any CPU.Build.0 = Debug|Any CPU
		{33867BDF-0CBE-49F9-A463-5490D9DD8BBE}.Release|Any CPU.ActiveCfg = Release|Any CPU
		{33867BDF-0CBE-49F9-A463-5490D9DD8BBE}.Release|Any CPU.Build.0 = Release|Any CPU
		{B9530B75-978B-44F4-8252-277874181F0E}.Debug|Any CPU.ActiveCfg = Debug|Any CPU
		{B9530B75-978B-44F4-8252-277874181F0E}.Debug|Any CPU.Build.0 = Debug|Any CPU
		{B9530B75-978B-44F4-8252-277874181F0E}.Release|Any CPU.ActiveCfg = Release|Any CPU
		{B9530B75-978B-44F4-8252-277874181F0E}.Release|Any CPU.Build.0 = Release|Any CPU
	EndGlobalSection
	GlobalSection(SolutionProperties) = preSolution
		HideSolutionNode = FALSE
	EndGlobalSection
	GlobalSection(ExtensibilityGlobals) = postSolution
		SolutionGuid = {32634793-2960-4455-B35D-36CFAD5F5E83}
	EndGlobalSection
EndGlobal
