
Microsoft Visual Studio Solution File, Format Version 12.00
# Visual Studio 15
VisualStudioVersion = 15.0.26124.0
MinimumVisualStudioVersion = 15.0.26124.0
Project("{FAE04EC0-301F-11D3-BF4B-00C04F79EFBC}") = "SortMethod", "SortMethod\SortMethod.csproj", "{BD8E26BA-1FC7-4531-AB64-A4EF538B201E}"
EndProject
Project("{FAE04EC0-301F-11D3-BF4B-00C04F79EFBC}") = "SortMethod.Tests", "SortMethod.Tests\SortMethod.Tests.csproj", "{11320D5A-F39D-4C3B-BE32-25DD79E6F8A1}"
EndProject
Global
	GlobalSection(SolutionConfigurationPlatforms) = preSolution
		Debug|Any CPU = Debug|Any CPU
		Debug|x64 = Debug|x64
		Debug|x86 = Debug|x86
		Release|Any CPU = Release|Any CPU
		Release|x64 = Release|x64
		Release|x86 = Release|x86
	EndGlobalSection
	GlobalSection(SolutionProperties) = preSolution
		HideSolutionNode = FALSE
	EndGlobalSection
	GlobalSection(ProjectConfigurationPlatforms) = postSolution
		{BD8E26BA-1FC7-4531-AB64-A4EF538B201E}.Debug|Any CPU.ActiveCfg = Debug|Any CPU
		{BD8E26BA-1FC7-4531-AB64-A4EF538B201E}.Debug|Any CPU.Build.0 = Debug|Any CPU
		{BD8E26BA-1FC7-4531-AB64-A4EF538B201E}.Debug|x64.ActiveCfg = Debug|Any CPU
		{BD8E26BA-1FC7-4531-AB64-A4EF538B201E}.Debug|x64.Build.0 = Debug|Any CPU
		{BD8E26BA-1FC7-4531-AB64-A4EF538B201E}.Debug|x86.ActiveCfg = Debug|Any CPU
		{BD8E26BA-1FC7-4531-AB64-A4EF538B201E}.Debug|x86.Build.0 = Debug|Any CPU
		{BD8E26BA-1FC7-4531-AB64-A4EF538B201E}.Release|Any CPU.ActiveCfg = Release|Any CPU
		{BD8E26BA-1FC7-4531-AB64-A4EF538B201E}.Release|Any CPU.Build.0 = Release|Any CPU
		{BD8E26BA-1FC7-4531-AB64-A4EF538B201E}.Release|x64.ActiveCfg = Release|Any CPU
		{BD8E26BA-1FC7-4531-AB64-A4EF538B201E}.Release|x64.Build.0 = Release|Any CPU
		{BD8E26BA-1FC7-4531-AB64-A4EF538B201E}.Release|x86.ActiveCfg = Release|Any CPU
		{BD8E26BA-1FC7-4531-AB64-A4EF538B201E}.Release|x86.Build.0 = Release|Any CPU
		{11320D5A-F39D-4C3B-BE32-25DD79E6F8A1}.Debug|Any CPU.ActiveCfg = Debug|Any CPU
		{11320D5A-F39D-4C3B-BE32-25DD79E6F8A1}.Debug|Any CPU.Build.0 = Debug|Any CPU
		{11320D5A-F39D-4C3B-BE32-25DD79E6F8A1}.Debug|x64.ActiveCfg = Debug|Any CPU
		{11320D5A-F39D-4C3B-BE32-25DD79E6F8A1}.Debug|x64.Build.0 = Debug|Any CPU
		{11320D5A-F39D-4C3B-BE32-25DD79E6F8A1}.Debug|x86.ActiveCfg = Debug|Any CPU
		{11320D5A-F39D-4C3B-BE32-25DD79E6F8A1}.Debug|x86.Build.0 = Debug|Any CPU
		{11320D5A-F39D-4C3B-BE32-25DD79E6F8A1}.Release|Any CPU.ActiveCfg = Release|Any CPU
		{11320D5A-F39D-4C3B-BE32-25DD79E6F8A1}.Release|Any CPU.Build.0 = Release|Any CPU
		{11320D5A-F39D-4C3B-BE32-25DD79E6F8A1}.Release|x64.ActiveCfg = Release|Any CPU
		{11320D5A-F39D-4C3B-BE32-25DD79E6F8A1}.Release|x64.Build.0 = Release|Any CPU
		{11320D5A-F39D-4C3B-BE32-25DD79E6F8A1}.Release|x86.ActiveCfg = Release|Any CPU
		{11320D5A-F39D-4C3B-BE32-25DD79E6F8A1}.Release|x86.Build.0 = Release|Any CPU
	EndGlobalSection
EndGlobal
